
Microsoft Visual Studio Solution File, Format Version 12.00
# Visual Studio Version 17
VisualStudioVersion = 17.14.36623.8
MinimumVisualStudioVersion = 10.0.40219.1
Project("{FAE04EC0-301F-11D3-BF4B-00C04F79EFBC}") = "Bookstore.API", "Bookstore.API\Bookstore.API.csproj", "{FE9FF3DB-1DFD-48C3-9AC5-006BC3D476A6}"
EndProject
Project("{FAE04EC0-301F-11D3-BF4B-00C04F79EFBC}") = "Bookstore.Domain", "Bookstore.Domain\Bookstore.Domain.csproj", "{ED4D8218-09B6-47F3-BFEE-6886EDCA67AA}"
EndProject
Project("{FAE04EC0-301F-11D3-BF4B-00C04F79EFBC}") = "Bookstore.Application", "Bookstore.Application\Bookstore.Application.csproj", "{D7945355-3A57-43DD-9307-4BF8E267A563}"
EndProject
Project("{FAE04EC0-301F-11D3-BF4B-00C04F79EFBC}") = "Bookstore.Infrastructure", "Bookstore.Infrastructure\Bookstore.Infrastructure.csproj", "{358BAC1A-5F3C-4D5B-AF7E-0AF96540D8D0}"
EndProject
Global
	GlobalSection(SolutionConfigurationPlatforms) = preSolution
		Debug|Any CPU = Debug|Any CPU
		Release|Any CPU = Release|Any CPU
	EndGlobalSection
	GlobalSection(ProjectConfigurationPlatforms) = postSolution
		{FE9FF3DB-1DFD-48C3-9AC5-006BC3D476A6}.Debug|Any CPU.ActiveCfg = Debug|Any CPU
		{FE9FF3DB-1DFD-48C3-9AC5-006BC3D476A6}.Debug|Any CPU.Build.0 = Debug|Any CPU
		{FE9FF3DB-1DFD-48C3-9AC5-006BC3D476A6}.Release|Any CPU.ActiveCfg = Release|Any CPU
		{FE9FF3DB-1DFD-48C3-9AC5-006BC3D476A6}.Release|Any CPU.Build.0 = Release|Any CPU
		{ED4D8218-09B6-47F3-BFEE-6886EDCA67AA}.Debug|Any CPU.ActiveCfg = Debug|Any CPU
		{ED4D8218-09B6-47F3-BFEE-6886EDCA67AA}.Debug|Any CPU.Build.0 = Debug|Any CPU
		{ED4D8218-09B6-47F3-BFEE-6886EDCA67AA}.Release|Any CPU.ActiveCfg = Release|Any CPU
		{ED4D8218-09B6-47F3-BFEE-6886EDCA67AA}.Release|Any CPU.Build.0 = Release|Any CPU
		{D7945355-3A57-43DD-9307-4BF8E267A563}.Debug|Any CPU.ActiveCfg = Debug|Any CPU
		{D7945355-3A57-43DD-9307-4BF8E267A563}.Debug|Any CPU.Build.0 = Debug|Any CPU
		{D7945355-3A57-43DD-9307-4BF8E267A563}.Release|Any CPU.ActiveCfg = Release|Any CPU
		{D7945355-3A57-43DD-9307-4BF8E267A563}.Release|Any CPU.Build.0 = Release|Any CPU
		{358BAC1A-5F3C-4D5B-AF7E-0AF96540D8D0}.Debug|Any CPU.ActiveCfg = Debug|Any CPU
		{358BAC1A-5F3C-4D5B-AF7E-0AF96540D8D0}.Debug|Any CPU.Build.0 = Debug|Any CPU
		{358BAC1A-5F3C-4D5B-AF7E-0AF96540D8D0}.Release|Any CPU.ActiveCfg = Release|Any CPU
		{358BAC1A-5F3C-4D5B-AF7E-0AF96540D8D0}.Release|Any CPU.Build.0 = Release|Any CPU
	EndGlobalSection
	GlobalSection(SolutionProperties) = preSolution
		HideSolutionNode = FALSE
	EndGlobalSection
	GlobalSection(ExtensibilityGlobals) = postSolution
		SolutionGuid = {FD7A9D79-3321-43BE-912E-9E86D1AEDD23}
	EndGlobalSection
EndGlobal
